// !$*UTF8*$!
{
	archiveVersion = 1;
	classes = {
	};
	objectVersion = 55;
	objects = {

/* Begin PBXBuildFile section */
		9A328FEA276579BF002A5642 /* AppDelegate.swift in Sources */ = {isa = PBXBuildFile; fileRef = 9A328FE9276579BF002A5642 /* AppDelegate.swift */; };
		9A328FEC276579BF002A5642 /* SceneDelegate.swift in Sources */ = {isa = PBXBuildFile; fileRef = 9A328FEB276579BF002A5642 /* SceneDelegate.swift */; };
		9A328FEE276579BF002A5642 /* ViewController.swift in Sources */ = {isa = PBXBuildFile; fileRef = 9A328FED276579BF002A5642 /* ViewController.swift */; };
		9A328FF1276579BF002A5642 /* Main.storyboard in Resources */ = {isa = PBXBuildFile; fileRef = 9A328FEF276579BF002A5642 /* Main.storyboard */; };
		9A328FF3276579C3002A5642 /* Assets.xcassets in Resources */ = {isa = PBXBuildFile; fileRef = 9A328FF2276579C3002A5642 /* Assets.xcassets */; };
		9A328FF6276579C3002A5642 /* LaunchScreen.storyboard in Resources */ = {isa = PBXBuildFile; fileRef = 9A328FF4276579C3002A5642 /* LaunchScreen.storyboard */; };
		9A328FFF2765CAA4002A5642 /* SimpleSound.swift in Sources */ = {isa = PBXBuildFile; fileRef = 9A328FFE2765CAA4002A5642 /* SimpleSound.swift */; };
		9A3290012765CABF002A5642 /* hit.mp3 in Resources */ = {isa = PBXBuildFile; fileRef = 9A3290002765CABF002A5642 /* hit.mp3 */; };
		9A3290032765CB8E002A5642 /* tih.mp3 in Resources */ = {isa = PBXBuildFile; fileRef = 9A3290022765CB8E002A5642 /* tih.mp3 */; };
/* End PBXBuildFile section */

/* Begin PBXFileReference section */
		9A328FE6276579BF002A5642 /* KOn.app */ = {isa = PBXFileReference; explicitFileType = wrapper.application; includeInIndex = 0; path = KOn.app; sourceTree = BUILT_PRODUCTS_DIR; };
		9A328FE9276579BF002A5642 /* AppDelegate.swift */ = {isa = PBXFileReference; lastKnownFileType = sourcecode.swift; path = AppDelegate.swift; sourceTree = "<group>"; };
		9A328FEB276579BF002A5642 /* SceneDelegate.swift */ = {isa = PBXFileReference; lastKnownFileType = sourcecode.swift; path = SceneDelegate.swift; sourceTree = "<group>"; };
		9A328FED276579BF002A5642 /* ViewController.swift */ = {isa = PBXFileReference; lastKnownFileType = sourcecode.swift; path = ViewController.swift; sourceTree = "<group>"; };
		9A328FF0276579BF002A5642 /* Base */ = {isa = PBXFileReference; lastKnownFileType = file.storyboard; name = Base; path = Base.lproj/Main.storyboard; sourceTree = "<group>"; };
		9A328FF2276579C3002A5642 /* Assets.xcassets */ = {isa = PBXFileReference; lastKnownFileType = folder.assetcatalog; path = Assets.xcassets; sourceTree = "<group>"; };
		9A328FF5276579C3002A5642 /* Base */ = {isa = PBXFileReference; lastKnownFileType = file.storyboard; name = Base; path = Base.lproj/LaunchScreen.storyboard; sourceTree = "<group>"; };
		9A328FF7276579C3002A5642 /* Info.plist */ = {isa = PBXFileReference; lastKnownFileType = text.plist.xml; path = Info.plist; sourceTree = "<group>"; };
		9A328FFE2765CAA4002A5642 /* SimpleSound.swift */ = {isa = PBXFileReference; fileEncoding = 4; lastKnownFileType = sourcecode.swift; path = SimpleSound.swift; sourceTree = "<group>"; };
		9A3290002765CABF002A5642 /* hit.mp3 */ = {isa = PBXFileReference; lastKnownFileType = audio.mp3; path = hit.mp3; sourceTree = "<group>"; };
		9A3290022765CB8E002A5642 /* tih.mp3 */ = {isa = PBXFileReference; lastKnownFileType = audio.mp3; path = tih.mp3; sourceTree = "<group>"; };
/* End PBXFileReference section */

/* Begin PBXFrameworksBuildPhase section */
		9A328FE3276579BF002A5642 /* Frameworks */ = {
			isa = PBXFrameworksBuildPhase;
			buildActionMask = 2147483647;
			files = (
			);
			runOnlyForDeploymentPostprocessing = 0;
		};
/* End PBXFrameworksBuildPhase section */

/* Begin PBXGroup section */
		9A328FDD276579BF002A5642 = {
			isa = PBXGroup;
			children = (
				9A328FE8276579BF002A5642 /* KOn */,
				9A328FE7276579BF002A5642 /* Products */,
			);
			sourceTree = "<group>";
		};
		9A328FE7276579BF002A5642 /* Products */ = {
			isa = PBXGroup;
			children = (
				9A328FE6276579BF002A5642 /* KOn.app */,
			);
			name = Products;
			sourceTree = "<group>";
		};
		9A328FE8276579BF002A5642 /* KOn */ = {
			isa = PBXGroup;
			children = (
				9A3290002765CABF002A5642 /* hit.mp3 */,
				9A3290022765CB8E002A5642 /* tih.mp3 */,
				9A328FFE2765CAA4002A5642 /* SimpleSound.swift */,
				9A328FE9276579BF002A5642 /* AppDelegate.swift */,
				9A328FEB276579BF002A5642 /* SceneDelegate.swift */,
				9A328FED276579BF002A5642 /* ViewController.swift */,
				9A328FEF276579BF002A5642 /* Main.storyboard */,
				9A328FF2276579C3002A5642 /* Assets.xcassets */,
				9A328FF4276579C3002A5642 /* LaunchScreen.storyboard */,
				9A328FF7276579C3002A5642 /* Info.plist */,
			);
			path = KOn;
			sourceTree = "<group>";
		};
/* End PBXGroup section */

/* Begin PBXNativeTarget section */
		9A328FE5276579BF002A5642 /* KOn */ = {
			isa = PBXNativeTarget;
			buildConfigurationList = 9A328FFA276579C3002A5642 /* Build configuration list for PBXNativeTarget "KOn" */;
			buildPhases = (
				9A328FE2276579BF002A5642 /* Sources */,
				9A328FE3276579BF002A5642 /* Frameworks */,
				9A328FE4276579BF002A5642 /* Resources */,
			);
			buildRules = (
			);
			dependencies = (
			);
			name = KOn;
			productName = KOnn;
			productReference = 9A328FE6276579BF002A5642 /* KOn.app */;
			productType = "com.apple.product-type.application";
		};
/* End PBXNativeTarget section */

/* Begin PBXProject section */
		9A328FDE276579BF002A5642 /* Project object */ = {
			isa = PBXProject;
			attributes = {
				BuildIndependentTargetsInParallel = 1;
				LastSwiftUpdateCheck = 1310;
				LastUpgradeCheck = 1310;
				TargetAttributes = {
					9A328FE5276579BF002A5642 = {
						CreatedOnToolsVersion = 13.1;
					};
				};
			};
			buildConfigurationList = 9A328FE1276579BF002A5642 /* Build configuration list for PBXProject "KOn" */;
			compatibilityVersion = "Xcode 13.0";
			developmentRegion = en;
			hasScannedForEncodings = 0;
			knownRegions = (
				en,
				Base,
			);
			mainGroup = 9A328FDD276579BF002A5642;
			productRefGroup = 9A328FE7276579BF002A5642 /* Products */;
			projectDirPath = "";
			projectRoot = "";
			targets = (
				9A328FE5276579BF002A5642 /* KOn */,
			);
		};
/* End PBXProject section */

/* Begin PBXResourcesBuildPhase section */
		9A328FE4276579BF002A5642 /* Resources */ = {
			isa = PBXResourcesBuildPhase;
			buildActionMask = 2147483647;
			files = (
				9A328FF6276579C3002A5642 /* LaunchScreen.storyboard in Resources */,
				9A328FF3276579C3002A5642 /* Assets.xcassets in Resources */,
				9A3290012765CABF002A5642 /* hit.mp3 in Resources */,
				9A3290032765CB8E002A5642 /* tih.mp3 in Resources */,
				9A328FF1276579BF002A5642 /* Main.storyboard in Resources */,
			);
			runOnlyForDeploymentPostprocessing = 0;
		};
/* End PBXResourcesBuildPhase section */

/* Begin PBXSourcesBuildPhase section */
		9A328FE2276579BF002A5642 /* Sources */ = {
			isa = PBXSourcesBuildPhase;
			buildActionMask = 2147483647;
			files = (
				9A328FEE276579BF002A5642 /* ViewController.swift in Sources */,
				9A328FEA276579BF002A5642 /* AppDelegate.swift in Sources */,
				9A328FEC276579BF002A5642 /* SceneDelegate.swift in Sources */,
				9A328FFF2765CAA4002A5642 /* SimpleSound.swift in Sources */,
			);
			runOnlyForDeploymentPostprocessing = 0;
		};
/* End PBXSourcesBuildPhase section */

/* Begin PBXVariantGroup section */
		9A328FEF276579BF002A5642 /* Main.storyboard */ = {
			isa = PBXVariantGroup;
			children = (
				9A328FF0276579BF002A5642 /* Base */,
			);
			name = Main.storyboard;
			sourceTree = "<group>";
		};
		9A328FF4276579C3002A5642 /* LaunchScreen.storyboard */ = {
			isa = PBXVariantGroup;
			children = (
				9A328FF5276579C3002A5642 /* Base */,
			);
			name = LaunchScreen.storyboard;
			sourceTree = "<group>";
		};
/* End PBXVariantGroup section */

/* Begin XCBuildConfiguration section */
		9A328FF8276579C3002A5642 /* Debug */ = {
			isa = XCBuildConfiguration;
			buildSettings = {
				ALWAYS_SEARCH_USER_PATHS = NO;
				CLANG_ANALYZER_NONNULL = YES;
				CLANG_ANALYZER_NUMBER_OBJECT_CONVERSION = YES_AGGRESSIVE;
				CLANG_CXX_LANGUAGE_STANDARD = "gnu++17";
				CLANG_CXX_LIBRARY = "libc++";
				CLANG_ENABLE_MODULES = YES;
				CLANG_ENABLE_OBJC_ARC = YES;
				CLANG_ENABLE_OBJC_WEAK = YES;
				CLANG_WARN_BLOCK_CAPTURE_AUTORELEASING = YES;
				CLANG_WARN_BOOL_CONVERSION = YES;
				CLANG_WARN_COMMA = YES;
				CLANG_WARN_CONSTANT_CONVERSION = YES;
				CLANG_WARN_DEPRECATED_OBJC_IMPLEMENTATIONS = YES;
				CLANG_WARN_DIRECT_OBJC_ISA_USAGE = YES_ERROR;
				CLANG_WARN_DOCUMENTATION_COMMENTS = YES;
				CLANG_WARN_EMPTY_BODY = YES;
				CLANG_WARN_ENUM_CONVERSION = YES;
				CLANG_WARN_INFINITE_RECURSION = YES;
				CLANG_WARN_INT_CONVERSION = YES;
				CLANG_WARN_NON_LITERAL_NULL_CONVERSION = YES;
				CLANG_WARN_OBJC_IMPLICIT_RETAIN_SELF = YES;
				CLANG_WARN_OBJC_LITERAL_CONVERSION = YES;
				CLANG_WARN_OBJC_ROOT_CLASS = YES_ERROR;
				CLANG_WARN_QUOTED_INCLUDE_IN_FRAMEWORK_HEADER = YES;
				CLANG_WARN_RANGE_LOOP_ANALYSIS = YES;
				CLANG_WARN_STRICT_PROTOTYPES = YES;
				CLANG_WARN_SUSPICIOUS_MOVE = YES;
				CLANG_WARN_UNGUARDED_AVAILABILITY = YES_AGGRESSIVE;
				CLANG_WARN_UNREACHABLE_CODE = YES;
				CLANG_WARN__DUPLICATE_METHOD_MATCH = YES;
				COPY_PHASE_STRIP = NO;
				DEBUG_INFORMATION_FORMAT = dwarf;
				ENABLE_STRICT_OBJC_MSGSEND = YES;
				ENABLE_TESTABILITY = YES;
				GCC_C_LANGUAGE_STANDARD = gnu11;
				GCC_DYNAMIC_NO_PIC = NO;
				GCC_NO_COMMON_BLOCKS = YES;
				GCC_OPTIMIZATION_LEVEL = 0;
				GCC_PREPROCESSOR_DEFINITIONS = (
					"DEBUG=1",
					"$(inherited)",
				);
				GCC_WARN_64_TO_32_BIT_CONVERSION = YES;
				GCC_WARN_ABOUT_RETURN_TYPE = YES_ERROR;
				GCC_WARN_UNDECLARED_SELECTOR = YES;
				GCC_WARN_UNINITIALIZED_AUTOS = YES_AGGRESSIVE;
				GCC_WARN_UNUSED_FUNCTION = YES;
				GCC_WARN_UNUSED_VARIABLE = YES;
				IPHONEOS_DEPLOYMENT_TARGET = 15.0;
				MTL_ENABLE_DEBUG_INFO = INCLUDE_SOURCE;
				MTL_FAST_MATH = YES;
				ONLY_ACTIVE_ARCH = YES;
				SDKROOT = iphoneos;
				SWIFT_ACTIVE_COMPILATION_CONDITIONS = DEBUG;
				SWIFT_OPTIMIZATION_LEVEL = "-Onone";
			};
			name = Debug;
		};
		9A328FF9276579C3002A5642 /* Release */ = {
			isa = XCBuildConfiguration;
			buildSettings = {
				ALWAYS_SEARCH_USER_PATHS = NO;
				CLANG_ANALYZER_NONNULL = YES;
				CLANG_ANALYZER_NUMBER_OBJECT_CONVERSION = YES_AGGRESSIVE;
				CLANG_CXX_LANGUAGE_STANDARD = "gnu++17";
				CLANG_CXX_LIBRARY = "libc++";
				CLANG_ENABLE_MODULES = YES;
				CLANG_ENABLE_OBJC_ARC = YES;
				CLANG_ENABLE_OBJC_WEAK = YES;
				CLANG_WARN_BLOCK_CAPTURE_AUTORELEASING = YES;
				CLANG_WARN_BOOL_CONVERSION = YES;
				CLANG_WARN_COMMA = YES;
				CLANG_WARN_CONSTANT_CONVERSION = YES;
				CLANG_WARN_DEPRECATED_OBJC_IMPLEMENTATIONS = YES;
				CLANG_WARN_DIRECT_OBJC_ISA_USAGE = YES_ERROR;
				CLANG_WARN_DOCUMENTATION_COMMENTS = YES;
				CLANG_WARN_EMPTY_BODY = YES;
				CLANG_WARN_ENUM_CONVERSION = YES;
				CLANG_WARN_INFINITE_RECURSION = YES;
				CLANG_WARN_INT_CONVERSION = YES;
				CLANG_WARN_NON_LITERAL_NULL_CONVERSION = YES;
				CLANG_WARN_OBJC_IMPLICIT_RETAIN_SELF = YES;
				CLANG_WARN_OBJC_LITERAL_CONVERSION = YES;
				CLANG_WARN_OBJC_ROOT_CLASS = YES_ERROR;
				CLANG_WARN_QUOTED_INCLUDE_IN_FRAMEWORK_HEADER = YES;
				CLANG_WARN_RANGE_LOOP_ANALYSIS = YES;
				CLANG_WARN_STRICT_PROTOTYPES = YES;
				CLANG_WARN_SUSPICIOUS_MOVE = YES;
				CLANG_WARN_UNGUARDED_AVAILABILITY = YES_AGGRESSIVE;
				CLANG_WARN_UNREACHABLE_CODE = YES;
				CLANG_WARN__DUPLICATE_METHOD_MATCH = YES;
				COPY_PHASE_STRIP = NO;
				DEBUG_INFORMATION_FORMAT = "dwarf-with-dsym";
				ENABLE_NS_ASSERTIONS = NO;
				ENABLE_STRICT_OBJC_MSGSEND = YES;
				GCC_C_LANGUAGE_STANDARD = gnu11;
				GCC_NO_COMMON_BLOCKS = YES;
				GCC_WARN_64_TO_32_BIT_CONVERSION = YES;
				GCC_WARN_ABOUT_RETURN_TYPE = YES_ERROR;
				GCC_WARN_UNDECLARED_SELECTOR = YES;
				GCC_WARN_UNINITIALIZED_AUTOS = YES_AGGRESSIVE;
				GCC_WARN_UNUSED_FUNCTION = YES;
				GCC_WARN_UNUSED_VARIABLE = YES;
				IPHONEOS_DEPLOYMENT_TARGET = 15.0;
				MTL_ENABLE_DEBUG_INFO = NO;
				MTL_FAST_MATH = YES;
				SDKROOT = iphoneos;
				SWIFT_COMPILATION_MODE = wholemodule;
				SWIFT_OPTIMIZATION_LEVEL = "-O";
				VALIDATE_PRODUCT = YES;
			};
			name = Release;
		};
		9A328FFB276579C3002A5642 /* Debug */ = {
			isa = XCBuildConfiguration;
			buildSettings = {
				ASSETCATALOG_COMPILER_APPICON_NAME = AppIcon;
				ASSETCATALOG_COMPILER_GLOBAL_ACCENT_COLOR_NAME = AccentColor;
				CODE_SIGN_STYLE = Automatic;
				CURRENT_PROJECT_VERSION = 1;
				DEVELOPMENT_TEAM = 3ZKD68W9CP;
				GENERATE_INFOPLIST_FILE = YES;
				INFOPLIST_FILE = KOn/Info.plist;
				INFOPLIST_KEY_UIApplicationSupportsIndirectInputEvents = YES;
				INFOPLIST_KEY_UILaunchStoryboardName = LaunchScreen;
				INFOPLIST_KEY_UIMainStoryboardFile = Main;
				INFOPLIST_KEY_UISupportedInterfaceOrientations = UIInterfaceOrientationPortrait;
				INFOPLIST_KEY_UISupportedInterfaceOrientations_iPad = "UIInterfaceOrientationPortrait UIInterfaceOrientationPortraitUpsideDown UIInterfaceOrientationLandscapeLeft UIInterfaceOrientationLandscapeRight";
				INFOPLIST_KEY_UISupportedInterfaceOrientations_iPhone = "UIInterfaceOrientationPortrait UIInterfaceOrientationLandscapeLeft UIInterfaceOrientationLandscapeRight";
				LD_RUNPATH_SEARCH_PATHS = (
					"$(inherited)",
					"@executable_path/Frameworks",
				);
				MARKETING_VERSION = 1.0;
				PRODUCT_BUNDLE_IDENTIFIER = com.rikulw.KOn;
				PRODUCT_NAME = "$(TARGET_NAME)";
				SWIFT_EMIT_LOC_STRINGS = YES;
				SWIFT_VERSION = 5.0;
				TARGETED_DEVICE_FAMILY = "1,2";
			};
			name = Debug;
		};
		9A328FFC276579C3002A5642 /* Release */ = {
			isa = XCBuildConfiguration;
			buildSettings = {
				ASSETCATALOG_COMPILER_APPICON_NAME = AppIcon;
				ASSETCATALOG_COMPILER_GLOBAL_ACCENT_COLOR_NAME = AccentColor;
				CODE_SIGN_STYLE = Automatic;
				CURRENT_PROJECT_VERSION = 1;
				DEVELOPMENT_TEAM = 3ZKD68W9CP;
				GENERATE_INFOPLIST_FILE = YES;
				INFOPLIST_FILE = KOn/Info.plist;
				INFOPLIST_KEY_UIApplicationSupportsIndirectInputEvents = YES;
				INFOPLIST_KEY_UILaunchStoryboardName = LaunchScreen;
				INFOPLIST_KEY_UIMainStoryboardFile = Main;
				INFOPLIST_KEY_UISupportedInterfaceOrientations = UIInterfaceOrientationPortrait;
				INFOPLIST_KEY_UISupportedInterfaceOrientations_iPad = "UIInterfaceOrientationPortrait UIInterfaceOrientationPortraitUpsideDown UIInterfaceOrientationLandscapeLeft UIInterfaceOrientationLandscapeRight";
				INFOPLIST_KEY_UISupportedInterfaceOrientations_iPhone = "UIInterfaceOrientationPortrait UIInterfaceOrientationLandscapeLeft UIInterfaceOrientationLandscapeRight";
				LD_RUNPATH_SEARCH_PATHS = (
					"$(inherited)",
					"@executable_path/Frameworks",
				);
				MARKETING_VERSION = 1.0;
				PRODUCT_BUNDLE_IDENTIFIER = com.rikulw.KOn;
				PRODUCT_NAME = "$(TARGET_NAME)";
				SWIFT_EMIT_LOC_STRINGS = YES;
				SWIFT_VERSION = 5.0;
				TARGETED_DEVICE_FAMILY = "1,2";
			};
			name = Release;
		};
/* End XCBuildConfiguration section */

/* Begin XCConfigurationList section */
		9A328FE1276579BF002A5642 /* Build configuration list for PBXProject "KOn" */ = {
			isa = XCConfigurationList;
			buildConfigurations = (
				9A328FF8276579C3002A5642 /* Debug */,
				9A328FF9276579C3002A5642 /* Release */,
			);
			defaultConfigurationIsVisible = 0;
			defaultConfigurationName = Release;
		};
		9A328FFA276579C3002A5642 /* Build configuration list for PBXNativeTarget "KOn" */ = {
			isa = XCConfigurationList;
			buildConfigurations = (
				9A328FFB276579C3002A5642 /* Debug */,
				9A328FFC276579C3002A5642 /* Release */,
			);
			defaultConfigurationIsVisible = 0;
			defaultConfigurationName = Release;
		};
/* End XCConfigurationList section */
	};
	rootObject = 9A328FDE276579BF002A5642 /* Project object */;
}
